
Microsoft Visual Studio Solution File, Format Version 12.00
# Visual Studio Version 17
VisualStudioVersion = 17.11.35208.52
MinimumVisualStudioVersion = 10.0.40219.1
Project("{9A19103F-16F7-4668-BE54-9A1E7A4F7556}") = "PrimeNumbers", "Old\PrimeNumbers\PrimeNumbers.csproj", "{63FBE4EA-03BD-49DA-92D3-FC2914E874E4}"
EndProject
Project("{9A19103F-16F7-4668-BE54-9A1E7A4F7556}") = "NumberGuessingGame", "Old\NumberGuessingGame\NumberGuessingGame.csproj", "{874D9979-999E-4B4F-B455-3F51423509FF}"
EndProject
Project("{9A19103F-16F7-4668-BE54-9A1E7A4F7556}") = "Calc", "Old\Calc\Calc.csproj", "{E022DC70-2E45-40BC-A33F-230E9122A992}"
EndProject
Project("{9A19103F-16F7-4668-BE54-9A1E7A4F7556}") = "Primfaktorzerlegung", "Old\Primfaktorzerlegung\Primfaktorzerlegung.csproj", "{F13B19C7-F1FD-4F17-B5C4-C2AAA86A36C7}"
EndProject
Project("{9A19103F-16F7-4668-BE54-9A1E7A4F7556}") = "Calculator NotShit", "Old\Calculator NotShit\Calculator NotShit.csproj", "{9B08C199-782F-4590-879B-8A566683A81E}"
EndProject
Project("{9A19103F-16F7-4668-BE54-9A1E7A4F7556}") = "Verschachtelte Schleife", "Old\Verschachtelte Schleife\Verschachtelte Schleife.csproj", "{54B2EBA8-B17F-472D-8F21-988B1D481BC1}"
EndProject
Project("{9A19103F-16F7-4668-BE54-9A1E7A4F7556}") = "Schaltjahr", "Old\Schaltjahr\Schaltjahr.csproj", "{B260CCB9-8852-486B-8F3A-93F12E50B8A7}"
EndProject
Project("{9A19103F-16F7-4668-BE54-9A1E7A4F7556}") = "Cowsay", "Old\Cowsay\Cowsay.csproj", "{D0E46EAF-0CC2-4BEF-BA67-8C176610D1C3}"
EndProject
Project("{9A19103F-16F7-4668-BE54-9A1E7A4F7556}") = "Aquarium", "Old\Aquarium\Aquarium.csproj", "{0297EC67-EFDB-4414-8ACB-CB9FA111D84F}"
EndProject
Project("{9A19103F-16F7-4668-BE54-9A1E7A4F7556}") = "Rennschnecke", "Old\Rennschnecke\Rennschnecke.csproj", "{4E5FD2D9-906E-4E6E-8C3D-A43134396423}"
EndProject
Project("{9A19103F-16F7-4668-BE54-9A1E7A4F7556}") = "DirectoryAnalyzer", "Old\DirectoryAnalyzer\DirectoryAnalyzer.csproj", "{01B6D130-AD0B-449B-9355-D81E5FB28368}"
EndProject
Project("{9A19103F-16F7-4668-BE54-9A1E7A4F7556}") = "WordCounter (in VSC)", "Old\WordCounter (in VSC)\WordCounter (in VSC).csproj", "{BFC5D7C6-AAAE-4640-843F-AD8C769B3D93}"
EndProject
Project("{2150E333-8FDC-42A3-9474-1A3956D46DE8}") = "Old", "Old", "{06529C2F-C772-4261-946C-5018E404AA11}"
EndProject
Project("{2150E333-8FDC-42A3-9474-1A3956D46DE8}") = "Current", "Current", "{F7200F3C-3A1F-4464-9976-E48D963654CB}"
EndProject
Project("{9A19103F-16F7-4668-BE54-9A1E7A4F7556}") = "Bank", "Current\Bank\Bank.csproj", "{C03D7EB8-24F1-4F69-B35E-74190403B91F}"
EndProject
Project("{FAE04EC0-301F-11D3-BF4B-00C04F79EFBC}") = "UI", "Current\UI\UI.csproj", "{269FC7F4-AF09-4499-97C1-1627394158C8}"
EndProject
Global
	GlobalSection(SolutionConfigurationPlatforms) = preSolution
		Debug|Any CPU = Debug|Any CPU
		Release|Any CPU = Release|Any CPU
	EndGlobalSection
	GlobalSection(ProjectConfigurationPlatforms) = postSolution
		{63FBE4EA-03BD-49DA-92D3-FC2914E874E4}.Debug|Any CPU.ActiveCfg = Debug|Any CPU
		{63FBE4EA-03BD-49DA-92D3-FC2914E874E4}.Debug|Any CPU.Build.0 = Debug|Any CPU
		{63FBE4EA-03BD-49DA-92D3-FC2914E874E4}.Release|Any CPU.ActiveCfg = Release|Any CPU
		{63FBE4EA-03BD-49DA-92D3-FC2914E874E4}.Release|Any CPU.Build.0 = Release|Any CPU
		{874D9979-999E-4B4F-B455-3F51423509FF}.Debug|Any CPU.ActiveCfg = Debug|Any CPU
		{874D9979-999E-4B4F-B455-3F51423509FF}.Debug|Any CPU.Build.0 = Debug|Any CPU
		{874D9979-999E-4B4F-B455-3F51423509FF}.Release|Any CPU.ActiveCfg = Release|Any CPU
		{874D9979-999E-4B4F-B455-3F51423509FF}.Release|Any CPU.Build.0 = Release|Any CPU
		{E022DC70-2E45-40BC-A33F-230E9122A992}.Debug|Any CPU.ActiveCfg = Debug|Any CPU
		{E022DC70-2E45-40BC-A33F-230E9122A992}.Debug|Any CPU.Build.0 = Debug|Any CPU
		{E022DC70-2E45-40BC-A33F-230E9122A992}.Release|Any CPU.ActiveCfg = Release|Any CPU
		{E022DC70-2E45-40BC-A33F-230E9122A992}.Release|Any CPU.Build.0 = Release|Any CPU
		{F13B19C7-F1FD-4F17-B5C4-C2AAA86A36C7}.Debug|Any CPU.ActiveCfg = Debug|Any CPU
		{F13B19C7-F1FD-4F17-B5C4-C2AAA86A36C7}.Debug|Any CPU.Build.0 = Debug|Any CPU
		{F13B19C7-F1FD-4F17-B5C4-C2AAA86A36C7}.Release|Any CPU.ActiveCfg = Release|Any CPU
		{F13B19C7-F1FD-4F17-B5C4-C2AAA86A36C7}.Release|Any CPU.Build.0 = Release|Any CPU
		{9B08C199-782F-4590-879B-8A566683A81E}.Debug|Any CPU.ActiveCfg = Debug|Any CPU
		{9B08C199-782F-4590-879B-8A566683A81E}.Debug|Any CPU.Build.0 = Debug|Any CPU
		{9B08C199-782F-4590-879B-8A566683A81E}.Release|Any CPU.ActiveCfg = Release|Any CPU
		{9B08C199-782F-4590-879B-8A566683A81E}.Release|Any CPU.Build.0 = Release|Any CPU
		{54B2EBA8-B17F-472D-8F21-988B1D481BC1}.Debug|Any CPU.ActiveCfg = Debug|Any CPU
		{54B2EBA8-B17F-472D-8F21-988B1D481BC1}.Debug|Any CPU.Build.0 = Debug|Any CPU
		{54B2EBA8-B17F-472D-8F21-988B1D481BC1}.Release|Any CPU.ActiveCfg = Release|Any CPU
		{54B2EBA8-B17F-472D-8F21-988B1D481BC1}.Release|Any CPU.Build.0 = Release|Any CPU
		{B260CCB9-8852-486B-8F3A-93F12E50B8A7}.Debug|Any CPU.ActiveCfg = Debug|Any CPU
		{B260CCB9-8852-486B-8F3A-93F12E50B8A7}.Debug|Any CPU.Build.0 = Debug|Any CPU
		{B260CCB9-8852-486B-8F3A-93F12E50B8A7}.Release|Any CPU.ActiveCfg = Release|Any CPU
		{B260CCB9-8852-486B-8F3A-93F12E50B8A7}.Release|Any CPU.Build.0 = Release|Any CPU
		{D0E46EAF-0CC2-4BEF-BA67-8C176610D1C3}.Debug|Any CPU.ActiveCfg = Debug|Any CPU
		{D0E46EAF-0CC2-4BEF-BA67-8C176610D1C3}.Debug|Any CPU.Build.0 = Debug|Any CPU
		{D0E46EAF-0CC2-4BEF-BA67-8C176610D1C3}.Release|Any CPU.ActiveCfg = Release|Any CPU
		{D0E46EAF-0CC2-4BEF-BA67-8C176610D1C3}.Release|Any CPU.Build.0 = Release|Any CPU
		{0297EC67-EFDB-4414-8ACB-CB9FA111D84F}.Debug|Any CPU.ActiveCfg = Debug|Any CPU
		{0297EC67-EFDB-4414-8ACB-CB9FA111D84F}.Debug|Any CPU.Build.0 = Debug|Any CPU
		{0297EC67-EFDB-4414-8ACB-CB9FA111D84F}.Release|Any CPU.ActiveCfg = Release|Any CPU
		{0297EC67-EFDB-4414-8ACB-CB9FA111D84F}.Release|Any CPU.Build.0 = Release|Any CPU
		{4E5FD2D9-906E-4E6E-8C3D-A43134396423}.Debug|Any CPU.ActiveCfg = Debug|Any CPU
		{4E5FD2D9-906E-4E6E-8C3D-A43134396423}.Debug|Any CPU.Build.0 = Debug|Any CPU
		{4E5FD2D9-906E-4E6E-8C3D-A43134396423}.Release|Any CPU.ActiveCfg = Release|Any CPU
		{4E5FD2D9-906E-4E6E-8C3D-A43134396423}.Release|Any CPU.Build.0 = Release|Any CPU
		{01B6D130-AD0B-449B-9355-D81E5FB28368}.Debug|Any CPU.ActiveCfg = Debug|Any CPU
		{01B6D130-AD0B-449B-9355-D81E5FB28368}.Debug|Any CPU.Build.0 = Debug|Any CPU
		{01B6D130-AD0B-449B-9355-D81E5FB28368}.Release|Any CPU.ActiveCfg = Release|Any CPU
		{01B6D130-AD0B-449B-9355-D81E5FB28368}.Release|Any CPU.Build.0 = Release|Any CPU
		{BFC5D7C6-AAAE-4640-843F-AD8C769B3D93}.Debug|Any CPU.ActiveCfg = Debug|Any CPU
		{BFC5D7C6-AAAE-4640-843F-AD8C769B3D93}.Debug|Any CPU.Build.0 = Debug|Any CPU
		{BFC5D7C6-AAAE-4640-843F-AD8C769B3D93}.Release|Any CPU.ActiveCfg = Release|Any CPU
		{BFC5D7C6-AAAE-4640-843F-AD8C769B3D93}.Release|Any CPU.Build.0 = Release|Any CPU
		{C03D7EB8-24F1-4F69-B35E-74190403B91F}.Debug|Any CPU.ActiveCfg = Debug|Any CPU
		{C03D7EB8-24F1-4F69-B35E-74190403B91F}.Debug|Any CPU.Build.0 = Debug|Any CPU
		{C03D7EB8-24F1-4F69-B35E-74190403B91F}.Release|Any CPU.ActiveCfg = Release|Any CPU
		{C03D7EB8-24F1-4F69-B35E-74190403B91F}.Release|Any CPU.Build.0 = Release|Any CPU
		{269FC7F4-AF09-4499-97C1-1627394158C8}.Debug|Any CPU.ActiveCfg = Debug|Any CPU
		{269FC7F4-AF09-4499-97C1-1627394158C8}.Debug|Any CPU.Build.0 = Debug|Any CPU
		{269FC7F4-AF09-4499-97C1-1627394158C8}.Release|Any CPU.ActiveCfg = Release|Any CPU
		{269FC7F4-AF09-4499-97C1-1627394158C8}.Release|Any CPU.Build.0 = Release|Any CPU
	EndGlobalSection
	GlobalSection(SolutionProperties) = preSolution
		HideSolutionNode = FALSE
	EndGlobalSection
	GlobalSection(NestedProjects) = preSolution
		{63FBE4EA-03BD-49DA-92D3-FC2914E874E4} = {06529C2F-C772-4261-946C-5018E404AA11}
		{874D9979-999E-4B4F-B455-3F51423509FF} = {06529C2F-C772-4261-946C-5018E404AA11}
		{E022DC70-2E45-40BC-A33F-230E9122A992} = {06529C2F-C772-4261-946C-5018E404AA11}
		{F13B19C7-F1FD-4F17-B5C4-C2AAA86A36C7} = {06529C2F-C772-4261-946C-5018E404AA11}
		{9B08C199-782F-4590-879B-8A566683A81E} = {06529C2F-C772-4261-946C-5018E404AA11}
		{54B2EBA8-B17F-472D-8F21-988B1D481BC1} = {06529C2F-C772-4261-946C-5018E404AA11}
		{B260CCB9-8852-486B-8F3A-93F12E50B8A7} = {06529C2F-C772-4261-946C-5018E404AA11}
		{D0E46EAF-0CC2-4BEF-BA67-8C176610D1C3} = {06529C2F-C772-4261-946C-5018E404AA11}
		{0297EC67-EFDB-4414-8ACB-CB9FA111D84F} = {06529C2F-C772-4261-946C-5018E404AA11}
		{4E5FD2D9-906E-4E6E-8C3D-A43134396423} = {06529C2F-C772-4261-946C-5018E404AA11}
		{01B6D130-AD0B-449B-9355-D81E5FB28368} = {06529C2F-C772-4261-946C-5018E404AA11}
		{BFC5D7C6-AAAE-4640-843F-AD8C769B3D93} = {06529C2F-C772-4261-946C-5018E404AA11}
		{C03D7EB8-24F1-4F69-B35E-74190403B91F} = {F7200F3C-3A1F-4464-9976-E48D963654CB}
		{269FC7F4-AF09-4499-97C1-1627394158C8} = {F7200F3C-3A1F-4464-9976-E48D963654CB}
	EndGlobalSection
	GlobalSection(ExtensibilityGlobals) = postSolution
		SolutionGuid = {CB94EDF4-5750-4875-91A4-6FCBD78E655A}
	EndGlobalSection
EndGlobal
