
Microsoft Visual Studio Solution File, Format Version 12.00
# Visual Studio Version 17
VisualStudioVersion = 17.11.35222.181
MinimumVisualStudioVersion = 10.0.40219.1
Project("{9A19103F-16F7-4668-BE54-9A1E7A4F7556}") = "DirectoryAnalyser", "DirectoryAnalyser.csproj", "{CF00562A-4588-49B4-B314-DE07E2D3B074}"
EndProject
Global
	GlobalSection(SolutionConfigurationPlatforms) = preSolution
		Debug|Any CPU = Debug|Any CPU
		Release|Any CPU = Release|Any CPU
	EndGlobalSection
	GlobalSection(ProjectConfigurationPlatforms) = postSolution
		{CF00562A-4588-49B4-B314-DE07E2D3B074}.Debug|Any CPU.ActiveCfg = Debug|Any CPU
		{CF00562A-4588-49B4-B314-DE07E2D3B074}.Debug|Any CPU.Build.0 = Debug|Any CPU
		{CF00562A-4588-49B4-B314-DE07E2D3B074}.Release|Any CPU.ActiveCfg = Release|Any CPU
		{CF00562A-4588-49B4-B314-DE07E2D3B074}.Release|Any CPU.Build.0 = Release|Any CPU
	EndGlobalSection
	GlobalSection(SolutionProperties) = preSolution
		HideSolutionNode = FALSE
	EndGlobalSection
	GlobalSection(ExtensibilityGlobals) = postSolution
		SolutionGuid = {1359ECDD-B663-4B27-9E7B-E61FC307E261}
	EndGlobalSection
EndGlobal
