
Microsoft Visual Studio Solution File, Format Version 12.00
# Visual Studio Version 17
VisualStudioVersion = 17.11.35208.52
MinimumVisualStudioVersion = 10.0.40219.1
Project("{9A19103F-16F7-4668-BE54-9A1E7A4F7556}") = "PrimeNumbers", "PrimeNumbers\PrimeNumbers.csproj", "{63FBE4EA-03BD-49DA-92D3-FC2914E874E4}"
EndProject
Project("{9A19103F-16F7-4668-BE54-9A1E7A4F7556}") = "NumberGuessingGame", "NumberGuessingGame\NumberGuessingGame.csproj", "{874D9979-999E-4B4F-B455-3F51423509FF}"
EndProject
Project("{9A19103F-16F7-4668-BE54-9A1E7A4F7556}") = "Calc", "Calc\Calc.csproj", "{E022DC70-2E45-40BC-A33F-230E9122A992}"
EndProject
Project("{9A19103F-16F7-4668-BE54-9A1E7A4F7556}") = "Primfaktorzerlegung", "Primfaktorzerlegung\Primfaktorzerlegung.csproj", "{F13B19C7-F1FD-4F17-B5C4-C2AAA86A36C7}"
EndProject
Project("{9A19103F-16F7-4668-BE54-9A1E7A4F7556}") = "Calculator NotShit", "Calculator NotShit\Calculator NotShit.csproj", "{9B08C199-782F-4590-879B-8A566683A81E}"
EndProject
Project("{FAE04EC0-301F-11D3-BF4B-00C04F79EFBC}") = "Verschachtelte Schleife", "Verschachtelte Schleife\Verschachtelte Schleife.csproj", "{54B2EBA8-B17F-472D-8F21-988B1D481BC1}"
EndProject
Global
	GlobalSection(SolutionConfigurationPlatforms) = preSolution
		Debug|Any CPU = Debug|Any CPU
		Release|Any CPU = Release|Any CPU
	EndGlobalSection
	GlobalSection(ProjectConfigurationPlatforms) = postSolution
		{63FBE4EA-03BD-49DA-92D3-FC2914E874E4}.Debug|Any CPU.ActiveCfg = Debug|Any CPU
		{63FBE4EA-03BD-49DA-92D3-FC2914E874E4}.Debug|Any CPU.Build.0 = Debug|Any CPU
		{63FBE4EA-03BD-49DA-92D3-FC2914E874E4}.Release|Any CPU.ActiveCfg = Release|Any CPU
		{63FBE4EA-03BD-49DA-92D3-FC2914E874E4}.Release|Any CPU.Build.0 = Release|Any CPU
		{874D9979-999E-4B4F-B455-3F51423509FF}.Debug|Any CPU.ActiveCfg = Debug|Any CPU
		{874D9979-999E-4B4F-B455-3F51423509FF}.Debug|Any CPU.Build.0 = Debug|Any CPU
		{874D9979-999E-4B4F-B455-3F51423509FF}.Release|Any CPU.ActiveCfg = Release|Any CPU
		{874D9979-999E-4B4F-B455-3F51423509FF}.Release|Any CPU.Build.0 = Release|Any CPU
		{E022DC70-2E45-40BC-A33F-230E9122A992}.Debug|Any CPU.ActiveCfg = Debug|Any CPU
		{E022DC70-2E45-40BC-A33F-230E9122A992}.Debug|Any CPU.Build.0 = Debug|Any CPU
		{E022DC70-2E45-40BC-A33F-230E9122A992}.Release|Any CPU.ActiveCfg = Release|Any CPU
		{E022DC70-2E45-40BC-A33F-230E9122A992}.Release|Any CPU.Build.0 = Release|Any CPU
		{F13B19C7-F1FD-4F17-B5C4-C2AAA86A36C7}.Debug|Any CPU.ActiveCfg = Debug|Any CPU
		{F13B19C7-F1FD-4F17-B5C4-C2AAA86A36C7}.Debug|Any CPU.Build.0 = Debug|Any CPU
		{F13B19C7-F1FD-4F17-B5C4-C2AAA86A36C7}.Release|Any CPU.ActiveCfg = Release|Any CPU
		{F13B19C7-F1FD-4F17-B5C4-C2AAA86A36C7}.Release|Any CPU.Build.0 = Release|Any CPU
		{9B08C199-782F-4590-879B-8A566683A81E}.Debug|Any CPU.ActiveCfg = Debug|Any CPU
		{9B08C199-782F-4590-879B-8A566683A81E}.Debug|Any CPU.Build.0 = Debug|Any CPU
		{9B08C199-782F-4590-879B-8A566683A81E}.Release|Any CPU.ActiveCfg = Release|Any CPU
		{9B08C199-782F-4590-879B-8A566683A81E}.Release|Any CPU.Build.0 = Release|Any CPU
		{54B2EBA8-B17F-472D-8F21-988B1D481BC1}.Debug|Any CPU.ActiveCfg = Debug|Any CPU
		{54B2EBA8-B17F-472D-8F21-988B1D481BC1}.Debug|Any CPU.Build.0 = Debug|Any CPU
		{54B2EBA8-B17F-472D-8F21-988B1D481BC1}.Release|Any CPU.ActiveCfg = Release|Any CPU
		{54B2EBA8-B17F-472D-8F21-988B1D481BC1}.Release|Any CPU.Build.0 = Release|Any CPU
	EndGlobalSection
	GlobalSection(SolutionProperties) = preSolution
		HideSolutionNode = FALSE
	EndGlobalSection
	GlobalSection(ExtensibilityGlobals) = postSolution
		SolutionGuid = {CB94EDF4-5750-4875-91A4-6FCBD78E655A}
	EndGlobalSection
EndGlobal
